
Microsoft Visual Studio Solution File, Format Version 12.00
# Visual Studio Version 17
VisualStudioVersion = 17.10.35122.118
MinimumVisualStudioVersion = 10.0.40219.1
Project("{FAE04EC0-301F-11D3-BF4B-00C04F79EFBC}") = "Homework - AccessModifiers-Encapsulation-ReadOnly-", "Homework - AccessModifiers-Encapsulation-ReadOnly-.csproj", "{0BF3512C-C523-48C1-BA72-B98895FEBA95}"
EndProject
Global
	GlobalSection(SolutionConfigurationPlatforms) = preSolution
		Debug|Any CPU = Debug|Any CPU
		Release|Any CPU = Release|Any CPU
	EndGlobalSection
	GlobalSection(ProjectConfigurationPlatforms) = postSolution
		{0BF3512C-C523-48C1-BA72-B98895FEBA95}.Debug|Any CPU.ActiveCfg = Debug|Any CPU
		{0BF3512C-C523-48C1-BA72-B98895FEBA95}.Debug|Any CPU.Build.0 = Debug|Any CPU
		{0BF3512C-C523-48C1-BA72-B98895FEBA95}.Release|Any CPU.ActiveCfg = Release|Any CPU
		{0BF3512C-C523-48C1-BA72-B98895FEBA95}.Release|Any CPU.Build.0 = Release|Any CPU
	EndGlobalSection
	GlobalSection(SolutionProperties) = preSolution
		HideSolutionNode = FALSE
	EndGlobalSection
	GlobalSection(ExtensibilityGlobals) = postSolution
		SolutionGuid = {DAB865FE-BC27-4750-9D6F-C2428ADA8587}
	EndGlobalSection
EndGlobal
